// !$*UTF8*$!
{
	archiveVersion = 1;
	classes = {
	};
	objectVersion = 54;
	objects = {

/* Begin PBXBuildFile section */
		3B23F45828D0BADF0002ADDE /* NetworkManager.swift in Sources */ = {isa = PBXBuildFile; fileRef = 3B23F45728D0BADF0002ADDE /* NetworkManager.swift */; };
		3B23F45A28D0BB090002ADDE /* DataManager.swift in Sources */ = {isa = PBXBuildFile; fileRef = 3B23F45928D0BB090002ADDE /* DataManager.swift */; };
		3B32D2E928D24B080050B172 /* MainView.swift in Sources */ = {isa = PBXBuildFile; fileRef = 3B32D2E828D24B080050B172 /* MainView.swift */; };
		3B32D2EB28D24B330050B172 /* MainViewHeader.swift in Sources */ = {isa = PBXBuildFile; fileRef = 3B32D2EA28D24B330050B172 /* MainViewHeader.swift */; };
		3B32D2ED28D24B490050B172 /* MainCollectionViewViewModel.swift in Sources */ = {isa = PBXBuildFile; fileRef = 3B32D2EC28D24B490050B172 /* MainCollectionViewViewModel.swift */; };
		3B32D2F128D24B8D0050B172 /* MainCollectionViewCell.swift in Sources */ = {isa = PBXBuildFile; fileRef = 3B32D2F028D24B8D0050B172 /* MainCollectionViewCell.swift */; };
		3B32D2F328D24BA30050B172 /* MainCollectionViewCellViewModel.swift in Sources */ = {isa = PBXBuildFile; fileRef = 3B32D2F228D24BA30050B172 /* MainCollectionViewCellViewModel.swift */; };
		3B32D2F528D24BCB0050B172 /* MainTableViewViewModel.swift in Sources */ = {isa = PBXBuildFile; fileRef = 3B32D2F428D24BCB0050B172 /* MainTableViewViewModel.swift */; };
		3B32D2FA28D24C100050B172 /* MainShowButtonCell.swift in Sources */ = {isa = PBXBuildFile; fileRef = 3B32D2F928D24C100050B172 /* MainShowButtonCell.swift */; };
		3B32D2FC28D24C2B0050B172 /* MainStageSectionCell.swift in Sources */ = {isa = PBXBuildFile; fileRef = 3B32D2FB28D24C2B0050B172 /* MainStageSectionCell.swift */; };
		3B32D2FE28D24C400050B172 /* MainInfoSectionCell.swift in Sources */ = {isa = PBXBuildFile; fileRef = 3B32D2FD28D24C400050B172 /* MainInfoSectionCell.swift */; };
		3B32D30028D250D10050B172 /* MainSectionHeader.swift in Sources */ = {isa = PBXBuildFile; fileRef = 3B32D2FF28D250D10050B172 /* MainSectionHeader.swift */; };
		3B32D30228D251740050B172 /* MainTableViewCellViewModel.swift in Sources */ = {isa = PBXBuildFile; fileRef = 3B32D30128D251740050B172 /* MainTableViewCellViewModel.swift */; };
		3B32D30428D251970050B172 /* MainInfoSectionViewModel.swift in Sources */ = {isa = PBXBuildFile; fileRef = 3B32D30328D251970050B172 /* MainInfoSectionViewModel.swift */; };
		3B32D30628D251B20050B172 /* MainStageSectionViewModel.swift in Sources */ = {isa = PBXBuildFile; fileRef = 3B32D30528D251B20050B172 /* MainStageSectionViewModel.swift */; };
		3B32D30828D251CB0050B172 /* MainButtonSectionViewModel.swift in Sources */ = {isa = PBXBuildFile; fileRef = 3B32D30728D251CB0050B172 /* MainButtonSectionViewModel.swift */; };
		3B32D30D28D252630050B172 /* DetailsViewController.swift in Sources */ = {isa = PBXBuildFile; fileRef = 3B32D30C28D252630050B172 /* DetailsViewController.swift */; };
		3B32D30F28D252800050B172 /* DetailsCollectionViewModel.swift in Sources */ = {isa = PBXBuildFile; fileRef = 3B32D30E28D252800050B172 /* DetailsCollectionViewModel.swift */; };
		3B32D31228D252B00050B172 /* DetailsCollectionCell.swift in Sources */ = {isa = PBXBuildFile; fileRef = 3B32D31128D252B00050B172 /* DetailsCollectionCell.swift */; };
		3B32D31428D252C50050B172 /* DetailsCollectionCellViewModel.swift in Sources */ = {isa = PBXBuildFile; fileRef = 3B32D31328D252C50050B172 /* DetailsCollectionCellViewModel.swift */; };
		3B32D31628D253150050B172 /* SettingPresenter.swift in Sources */ = {isa = PBXBuildFile; fileRef = 3B32D31528D253150050B172 /* SettingPresenter.swift */; };
		3B32D31928D253480050B172 /* SettingViewController.swift in Sources */ = {isa = PBXBuildFile; fileRef = 3B32D31828D253480050B172 /* SettingViewController.swift */; };
		3B32D31B28D2536F0050B172 /* SettingView.swift in Sources */ = {isa = PBXBuildFile; fileRef = 3B32D31A28D2536F0050B172 /* SettingView.swift */; };
		3B32D31D28D2537E0050B172 /* SettingItemView.swift in Sources */ = {isa = PBXBuildFile; fileRef = 3B32D31C28D2537E0050B172 /* SettingItemView.swift */; };
		3B32D31F28D255350050B172 /* AssemblyBuilder.swift in Sources */ = {isa = PBXBuildFile; fileRef = 3B32D31E28D255350050B172 /* AssemblyBuilder.swift */; };
		3B53D16A28A3B12F00210ADE /* AppDelegate.swift in Sources */ = {isa = PBXBuildFile; fileRef = 3B53D16928A3B12F00210ADE /* AppDelegate.swift */; };
		3B53D16C28A3B12F00210ADE /* SceneDelegate.swift in Sources */ = {isa = PBXBuildFile; fileRef = 3B53D16B28A3B12F00210ADE /* SceneDelegate.swift */; };
		3B53D17328A3B13200210ADE /* Assets.xcassets in Resources */ = {isa = PBXBuildFile; fileRef = 3B53D17228A3B13200210ADE /* Assets.xcassets */; };
		3B92541C28CFB6ED0092B998 /* Rockets.JSON in Resources */ = {isa = PBXBuildFile; fileRef = 3B92541A28CFB6ED0092B998 /* Rockets.JSON */; };
		3B92541D28CFB6ED0092B998 /* Launches.JSON in Resources */ = {isa = PBXBuildFile; fileRef = 3B92541B28CFB6ED0092B998 /* Launches.JSON */; };
		3B92542328CFB7170092B998 /* LabGrotesque-Thin.ttf in Resources */ = {isa = PBXBuildFile; fileRef = 3B92541E28CFB7160092B998 /* LabGrotesque-Thin.ttf */; };
		3B92542428CFB7170092B998 /* LabGrotesque-Medium.ttf in Resources */ = {isa = PBXBuildFile; fileRef = 3B92541F28CFB7170092B998 /* LabGrotesque-Medium.ttf */; };
		3B92542528CFB7170092B998 /* LabGrotesque-Bold.ttf in Resources */ = {isa = PBXBuildFile; fileRef = 3B92542028CFB7170092B998 /* LabGrotesque-Bold.ttf */; };
		3B92542628CFB7170092B998 /* FontNames in Resources */ = {isa = PBXBuildFile; fileRef = 3B92542128CFB7170092B998 /* FontNames */; };
		3B92542728CFB7170092B998 /* LabGrotesque-Regular.ttf in Resources */ = {isa = PBXBuildFile; fileRef = 3B92542228CFB7170092B998 /* LabGrotesque-Regular.ttf */; };
		3B92542A28CFB7430092B998 /* Colors.swift in Sources */ = {isa = PBXBuildFile; fileRef = 3B92542928CFB7430092B998 /* Colors.swift */; };
		3B92542C28CFB7530092B998 /* Fonts.swift in Sources */ = {isa = PBXBuildFile; fileRef = 3B92542B28CFB7530092B998 /* Fonts.swift */; };
		3B92542E28CFB75E0092B998 /* Sizes.swift in Sources */ = {isa = PBXBuildFile; fileRef = 3B92542D28CFB75E0092B998 /* Sizes.swift */; };
		3B92543028CFB76B0092B998 /* APIs.swift in Sources */ = {isa = PBXBuildFile; fileRef = 3B92542F28CFB76B0092B998 /* APIs.swift */; };
		3B92543228CFB7870092B998 /* ObserverConstants.swift in Sources */ = {isa = PBXBuildFile; fileRef = 3B92543128CFB7870092B998 /* ObserverConstants.swift */; };
		3B92543428CFB7990092B998 /* TextFormatter.swift in Sources */ = {isa = PBXBuildFile; fileRef = 3B92543328CFB7990092B998 /* TextFormatter.swift */; };
		3B92543628CFB7BA0092B998 /* UIImage + extensions.swift in Sources */ = {isa = PBXBuildFile; fileRef = 3B92543528CFB7BA0092B998 /* UIImage + extensions.swift */; };
		3B92543828CFB7D00092B998 /* UIScrollView + extensions.swift in Sources */ = {isa = PBXBuildFile; fileRef = 3B92543728CFB7D00092B998 /* UIScrollView + extensions.swift */; };
		3B92543A28CFB7E90092B998 /* UIViewController + extension.swift in Sources */ = {isa = PBXBuildFile; fileRef = 3B92543928CFB7E90092B998 /* UIViewController + extension.swift */; };
		3BEAA1BC28D2013A0034D322 /* NavigtionController.swift in Sources */ = {isa = PBXBuildFile; fileRef = 3BEAA1BB28D2013A0034D322 /* NavigtionController.swift */; };
		3BEAA1BF28D201720034D322 /* Router.swift in Sources */ = {isa = PBXBuildFile; fileRef = 3BEAA1BE28D201720034D322 /* Router.swift */; };
		3BEAA1D428D2039B0034D322 /* RocketModel.swift in Sources */ = {isa = PBXBuildFile; fileRef = 3BEAA1D328D2039B0034D322 /* RocketModel.swift */; };
		3BEAA1D628D203AE0034D322 /* BasePageViewController.swift in Sources */ = {isa = PBXBuildFile; fileRef = 3BEAA1D528D203AE0034D322 /* BasePageViewController.swift */; };
		3BEAA1D828D203C00034D322 /* BasePresenter.swift in Sources */ = {isa = PBXBuildFile; fileRef = 3BEAA1D728D203C00034D322 /* BasePresenter.swift */; };
		3BEAA1DB28D204350034D322 /* RocketData.swift in Sources */ = {isa = PBXBuildFile; fileRef = 3BEAA1DA28D204350034D322 /* RocketData.swift */; };
		3BEAA1DD28D204500034D322 /* MainViewController.swift in Sources */ = {isa = PBXBuildFile; fileRef = 3BEAA1DC28D204500034D322 /* MainViewController.swift */; };
		3BEAA1DF28D2047B0034D322 /* MainPresenter.swift in Sources */ = {isa = PBXBuildFile; fileRef = 3BEAA1DE28D2047B0034D322 /* MainPresenter.swift */; };
		3BEAA1E128D204D30034D322 /* LaunchModel.swift in Sources */ = {isa = PBXBuildFile; fileRef = 3BEAA1E028D204D30034D322 /* LaunchModel.swift */; };
		3BEAA1E328D204F10034D322 /* DetailPresenter.swift in Sources */ = {isa = PBXBuildFile; fileRef = 3BEAA1E228D204F10034D322 /* DetailPresenter.swift */; };
/* End PBXBuildFile section */

/* Begin PBXFileReference section */
		3B23F45728D0BADF0002ADDE /* NetworkManager.swift */ = {isa = PBXFileReference; lastKnownFileType = sourcecode.swift; path = NetworkManager.swift; sourceTree = "<group>"; };
		3B23F45928D0BB090002ADDE /* DataManager.swift */ = {isa = PBXFileReference; lastKnownFileType = sourcecode.swift; path = DataManager.swift; sourceTree = "<group>"; };
		3B32D2E828D24B080050B172 /* MainView.swift */ = {isa = PBXFileReference; lastKnownFileType = sourcecode.swift; path = MainView.swift; sourceTree = "<group>"; };
		3B32D2EA28D24B330050B172 /* MainViewHeader.swift */ = {isa = PBXFileReference; lastKnownFileType = sourcecode.swift; path = MainViewHeader.swift; sourceTree = "<group>"; };
		3B32D2EC28D24B490050B172 /* MainCollectionViewViewModel.swift */ = {isa = PBXFileReference; lastKnownFileType = sourcecode.swift; path = MainCollectionViewViewModel.swift; sourceTree = "<group>"; };
		3B32D2F028D24B8D0050B172 /* MainCollectionViewCell.swift */ = {isa = PBXFileReference; lastKnownFileType = sourcecode.swift; path = MainCollectionViewCell.swift; sourceTree = "<group>"; };
		3B32D2F228D24BA30050B172 /* MainCollectionViewCellViewModel.swift */ = {isa = PBXFileReference; lastKnownFileType = sourcecode.swift; path = MainCollectionViewCellViewModel.swift; sourceTree = "<group>"; };
		3B32D2F428D24BCB0050B172 /* MainTableViewViewModel.swift */ = {isa = PBXFileReference; lastKnownFileType = sourcecode.swift; path = MainTableViewViewModel.swift; sourceTree = "<group>"; };
		3B32D2F928D24C100050B172 /* MainShowButtonCell.swift */ = {isa = PBXFileReference; lastKnownFileType = sourcecode.swift; path = MainShowButtonCell.swift; sourceTree = "<group>"; };
		3B32D2FB28D24C2B0050B172 /* MainStageSectionCell.swift */ = {isa = PBXFileReference; lastKnownFileType = sourcecode.swift; path = MainStageSectionCell.swift; sourceTree = "<group>"; };
		3B32D2FD28D24C400050B172 /* MainInfoSectionCell.swift */ = {isa = PBXFileReference; lastKnownFileType = sourcecode.swift; path = MainInfoSectionCell.swift; sourceTree = "<group>"; };
		3B32D2FF28D250D10050B172 /* MainSectionHeader.swift */ = {isa = PBXFileReference; lastKnownFileType = sourcecode.swift; path = MainSectionHeader.swift; sourceTree = "<group>"; };
		3B32D30128D251740050B172 /* MainTableViewCellViewModel.swift */ = {isa = PBXFileReference; lastKnownFileType = sourcecode.swift; path = MainTableViewCellViewModel.swift; sourceTree = "<group>"; };
		3B32D30328D251970050B172 /* MainInfoSectionViewModel.swift */ = {isa = PBXFileReference; lastKnownFileType = sourcecode.swift; path = MainInfoSectionViewModel.swift; sourceTree = "<group>"; };
		3B32D30528D251B20050B172 /* MainStageSectionViewModel.swift */ = {isa = PBXFileReference; lastKnownFileType = sourcecode.swift; path = MainStageSectionViewModel.swift; sourceTree = "<group>"; };
		3B32D30728D251CB0050B172 /* MainButtonSectionViewModel.swift */ = {isa = PBXFileReference; lastKnownFileType = sourcecode.swift; path = MainButtonSectionViewModel.swift; sourceTree = "<group>"; };
		3B32D30C28D252630050B172 /* DetailsViewController.swift */ = {isa = PBXFileReference; lastKnownFileType = sourcecode.swift; path = DetailsViewController.swift; sourceTree = "<group>"; };
		3B32D30E28D252800050B172 /* DetailsCollectionViewModel.swift */ = {isa = PBXFileReference; lastKnownFileType = sourcecode.swift; path = DetailsCollectionViewModel.swift; sourceTree = "<group>"; };
		3B32D31128D252B00050B172 /* DetailsCollectionCell.swift */ = {isa = PBXFileReference; lastKnownFileType = sourcecode.swift; path = DetailsCollectionCell.swift; sourceTree = "<group>"; };
		3B32D31328D252C50050B172 /* DetailsCollectionCellViewModel.swift */ = {isa = PBXFileReference; lastKnownFileType = sourcecode.swift; path = DetailsCollectionCellViewModel.swift; sourceTree = "<group>"; };
		3B32D31528D253150050B172 /* SettingPresenter.swift */ = {isa = PBXFileReference; lastKnownFileType = sourcecode.swift; path = SettingPresenter.swift; sourceTree = "<group>"; };
		3B32D31828D253480050B172 /* SettingViewController.swift */ = {isa = PBXFileReference; lastKnownFileType = sourcecode.swift; path = SettingViewController.swift; sourceTree = "<group>"; };
		3B32D31A28D2536F0050B172 /* SettingView.swift */ = {isa = PBXFileReference; lastKnownFileType = sourcecode.swift; path = SettingView.swift; sourceTree = "<group>"; };
		3B32D31C28D2537E0050B172 /* SettingItemView.swift */ = {isa = PBXFileReference; lastKnownFileType = sourcecode.swift; path = SettingItemView.swift; sourceTree = "<group>"; };
		3B32D31E28D255350050B172 /* AssemblyBuilder.swift */ = {isa = PBXFileReference; lastKnownFileType = sourcecode.swift; path = AssemblyBuilder.swift; sourceTree = "<group>"; };
		3B53D16628A3B12F00210ADE /* testSpaceXApp.app */ = {isa = PBXFileReference; explicitFileType = wrapper.application; includeInIndex = 0; path = testSpaceXApp.app; sourceTree = BUILT_PRODUCTS_DIR; };
		3B53D16928A3B12F00210ADE /* AppDelegate.swift */ = {isa = PBXFileReference; lastKnownFileType = sourcecode.swift; path = AppDelegate.swift; sourceTree = "<group>"; };
		3B53D16B28A3B12F00210ADE /* SceneDelegate.swift */ = {isa = PBXFileReference; lastKnownFileType = sourcecode.swift; path = SceneDelegate.swift; sourceTree = "<group>"; };
		3B53D17228A3B13200210ADE /* Assets.xcassets */ = {isa = PBXFileReference; lastKnownFileType = folder.assetcatalog; path = Assets.xcassets; sourceTree = "<group>"; };
		3B53D17728A3B13200210ADE /* Info.plist */ = {isa = PBXFileReference; lastKnownFileType = text.plist.xml; path = Info.plist; sourceTree = "<group>"; };
		3B92541A28CFB6ED0092B998 /* Rockets.JSON */ = {isa = PBXFileReference; fileEncoding = 4; lastKnownFileType = text.json; path = Rockets.JSON; sourceTree = "<group>"; };
		3B92541B28CFB6ED0092B998 /* Launches.JSON */ = {isa = PBXFileReference; fileEncoding = 4; lastKnownFileType = text.json; path = Launches.JSON; sourceTree = "<group>"; };
		3B92541E28CFB7160092B998 /* LabGrotesque-Thin.ttf */ = {isa = PBXFileReference; lastKnownFileType = file; path = "LabGrotesque-Thin.ttf"; sourceTree = "<group>"; };
		3B92541F28CFB7170092B998 /* LabGrotesque-Medium.ttf */ = {isa = PBXFileReference; lastKnownFileType = file; path = "LabGrotesque-Medium.ttf"; sourceTree = "<group>"; };
		3B92542028CFB7170092B998 /* LabGrotesque-Bold.ttf */ = {isa = PBXFileReference; lastKnownFileType = file; path = "LabGrotesque-Bold.ttf"; sourceTree = "<group>"; };
		3B92542128CFB7170092B998 /* FontNames */ = {isa = PBXFileReference; fileEncoding = 4; lastKnownFileType = text; path = FontNames; sourceTree = "<group>"; };
		3B92542228CFB7170092B998 /* LabGrotesque-Regular.ttf */ = {isa = PBXFileReference; lastKnownFileType = file; path = "LabGrotesque-Regular.ttf"; sourceTree = "<group>"; };
		3B92542928CFB7430092B998 /* Colors.swift */ = {isa = PBXFileReference; lastKnownFileType = sourcecode.swift; path = Colors.swift; sourceTree = "<group>"; };
		3B92542B28CFB7530092B998 /* Fonts.swift */ = {isa = PBXFileReference; lastKnownFileType = sourcecode.swift; path = Fonts.swift; sourceTree = "<group>"; };
		3B92542D28CFB75E0092B998 /* Sizes.swift */ = {isa = PBXFileReference; lastKnownFileType = sourcecode.swift; path = Sizes.swift; sourceTree = "<group>"; };
		3B92542F28CFB76B0092B998 /* APIs.swift */ = {isa = PBXFileReference; lastKnownFileType = sourcecode.swift; path = APIs.swift; sourceTree = "<group>"; };
		3B92543128CFB7870092B998 /* ObserverConstants.swift */ = {isa = PBXFileReference; lastKnownFileType = sourcecode.swift; path = ObserverConstants.swift; sourceTree = "<group>"; };
		3B92543328CFB7990092B998 /* TextFormatter.swift */ = {isa = PBXFileReference; lastKnownFileType = sourcecode.swift; path = TextFormatter.swift; sourceTree = "<group>"; };
		3B92543528CFB7BA0092B998 /* UIImage + extensions.swift */ = {isa = PBXFileReference; lastKnownFileType = sourcecode.swift; path = "UIImage + extensions.swift"; sourceTree = "<group>"; };
		3B92543728CFB7D00092B998 /* UIScrollView + extensions.swift */ = {isa = PBXFileReference; lastKnownFileType = sourcecode.swift; path = "UIScrollView + extensions.swift"; sourceTree = "<group>"; };
		3B92543928CFB7E90092B998 /* UIViewController + extension.swift */ = {isa = PBXFileReference; lastKnownFileType = sourcecode.swift; path = "UIViewController + extension.swift"; sourceTree = "<group>"; };
		3BEAA1BB28D2013A0034D322 /* NavigtionController.swift */ = {isa = PBXFileReference; lastKnownFileType = sourcecode.swift; path = NavigtionController.swift; sourceTree = "<group>"; };
		3BEAA1BE28D201720034D322 /* Router.swift */ = {isa = PBXFileReference; lastKnownFileType = sourcecode.swift; path = Router.swift; sourceTree = "<group>"; };
		3BEAA1D328D2039B0034D322 /* RocketModel.swift */ = {isa = PBXFileReference; lastKnownFileType = sourcecode.swift; path = RocketModel.swift; sourceTree = "<group>"; };
		3BEAA1D528D203AE0034D322 /* BasePageViewController.swift */ = {isa = PBXFileReference; lastKnownFileType = sourcecode.swift; path = BasePageViewController.swift; sourceTree = "<group>"; };
		3BEAA1D728D203C00034D322 /* BasePresenter.swift */ = {isa = PBXFileReference; lastKnownFileType = sourcecode.swift; path = BasePresenter.swift; sourceTree = "<group>"; };
		3BEAA1DA28D204350034D322 /* RocketData.swift */ = {isa = PBXFileReference; lastKnownFileType = sourcecode.swift; path = RocketData.swift; sourceTree = "<group>"; };
		3BEAA1DC28D204500034D322 /* MainViewController.swift */ = {isa = PBXFileReference; lastKnownFileType = sourcecode.swift; path = MainViewController.swift; sourceTree = "<group>"; };
		3BEAA1DE28D2047B0034D322 /* MainPresenter.swift */ = {isa = PBXFileReference; lastKnownFileType = sourcecode.swift; path = MainPresenter.swift; sourceTree = "<group>"; };
		3BEAA1E028D204D30034D322 /* LaunchModel.swift */ = {isa = PBXFileReference; lastKnownFileType = sourcecode.swift; path = LaunchModel.swift; sourceTree = "<group>"; };
		3BEAA1E228D204F10034D322 /* DetailPresenter.swift */ = {isa = PBXFileReference; lastKnownFileType = sourcecode.swift; path = DetailPresenter.swift; sourceTree = "<group>"; };
/* End PBXFileReference section */

/* Begin PBXFrameworksBuildPhase section */
		3B53D16328A3B12F00210ADE /* Frameworks */ = {
			isa = PBXFrameworksBuildPhase;
			buildActionMask = 2147483647;
			files = (
			);
			runOnlyForDeploymentPostprocessing = 0;
		};
/* End PBXFrameworksBuildPhase section */

/* Begin PBXGroup section */
		3B23F45628D0BAB10002ADDE /* Services */ = {
			isa = PBXGroup;
			children = (
				3B23F45728D0BADF0002ADDE /* NetworkManager.swift */,
				3B23F45928D0BB090002ADDE /* DataManager.swift */,
			);
			path = Services;
			sourceTree = "<group>";
		};
		3B32D2E328D24A8E0050B172 /* MainView */ = {
			isa = PBXGroup;
			children = (
				3B32D2E828D24B080050B172 /* MainView.swift */,
				3B32D2E728D24AE90050B172 /* MainViewHeader */,
				3B32D2E628D24AE00050B172 /* CollectionView */,
				3B32D2E528D24ACC0050B172 /* TableView */,
			);
			path = MainView;
			sourceTree = "<group>";
		};
		3B32D2E528D24ACC0050B172 /* TableView */ = {
			isa = PBXGroup;
			children = (
				3B32D2F428D24BCB0050B172 /* MainTableViewViewModel.swift */,
				3B32D2F728D24BD90050B172 /* Header */,
				3B32D2F628D24BCF0050B172 /* Cells */,
			);
			path = TableView;
			sourceTree = "<group>";
		};
		3B32D2E628D24AE00050B172 /* CollectionView */ = {
			isa = PBXGroup;
			children = (
				3B32D2EC28D24B490050B172 /* MainCollectionViewViewModel.swift */,
				3B32D2EE28D24B4E0050B172 /* Cell */,
			);
			path = CollectionView;
			sourceTree = "<group>";
		};
		3B32D2E728D24AE90050B172 /* MainViewHeader */ = {
			isa = PBXGroup;
			children = (
				3B32D2EA28D24B330050B172 /* MainViewHeader.swift */,
			);
			path = MainViewHeader;
			sourceTree = "<group>";
		};
		3B32D2EE28D24B4E0050B172 /* Cell */ = {
			isa = PBXGroup;
			children = (
				3B32D2F028D24B8D0050B172 /* MainCollectionViewCell.swift */,
				3B32D2EF28D24B680050B172 /* ViewModel */,
			);
			path = Cell;
			sourceTree = "<group>";
		};
		3B32D2EF28D24B680050B172 /* ViewModel */ = {
			isa = PBXGroup;
			children = (
				3B32D2F228D24BA30050B172 /* MainCollectionViewCellViewModel.swift */,
			);
			path = ViewModel;
			sourceTree = "<group>";
		};
		3B32D2F628D24BCF0050B172 /* Cells */ = {
			isa = PBXGroup;
			children = (
				3B32D2FD28D24C400050B172 /* MainInfoSectionCell.swift */,
				3B32D2F928D24C100050B172 /* MainShowButtonCell.swift */,
				3B32D2FB28D24C2B0050B172 /* MainStageSectionCell.swift */,
				3B32D2F828D24BF00050B172 /* ViewModel */,
			);
			path = Cells;
			sourceTree = "<group>";
		};
		3B32D2F728D24BD90050B172 /* Header */ = {
			isa = PBXGroup;
			children = (
				3B32D2FF28D250D10050B172 /* MainSectionHeader.swift */,
			);
			path = Header;
			sourceTree = "<group>";
		};
		3B32D2F828D24BF00050B172 /* ViewModel */ = {
			isa = PBXGroup;
			children = (
				3B32D30128D251740050B172 /* MainTableViewCellViewModel.swift */,
				3B32D30328D251970050B172 /* MainInfoSectionViewModel.swift */,
				3B32D30528D251B20050B172 /* MainStageSectionViewModel.swift */,
				3B32D30728D251CB0050B172 /* MainButtonSectionViewModel.swift */,
			);
			path = ViewModel;
			sourceTree = "<group>";
		};
		3B32D30928D2522E0050B172 /* Cells */ = {
			isa = PBXGroup;
			children = (
				3B32D31128D252B00050B172 /* DetailsCollectionCell.swift */,
				3B32D31028D252950050B172 /* ViewModel */,
			);
			path = Cells;
			sourceTree = "<group>";
		};
		3B32D30A28D252370050B172 /* VIewModel */ = {
			isa = PBXGroup;
			children = (
				3B32D30E28D252800050B172 /* DetailsCollectionViewModel.swift */,
			);
			path = VIewModel;
			sourceTree = "<group>";
		};
		3B32D31028D252950050B172 /* ViewModel */ = {
			isa = PBXGroup;
			children = (
				3B32D31328D252C50050B172 /* DetailsCollectionCellViewModel.swift */,
			);
			path = ViewModel;
			sourceTree = "<group>";
		};
		3B32D31728D2532E0050B172 /* Subviews */ = {
			isa = PBXGroup;
			children = (
				3B32D31A28D2536F0050B172 /* SettingView.swift */,
				3B32D31C28D2537E0050B172 /* SettingItemView.swift */,
			);
			path = Subviews;
			sourceTree = "<group>";
		};
		3B53D15D28A3B12F00210ADE = {
			isa = PBXGroup;
			children = (
				3B53D16828A3B12F00210ADE /* testSpaceXApp */,
				3B53D16728A3B12F00210ADE /* Products */,
			);
			sourceTree = "<group>";
		};
		3B53D16728A3B12F00210ADE /* Products */ = {
			isa = PBXGroup;
			children = (
				3B53D16628A3B12F00210ADE /* testSpaceXApp.app */,
			);
			name = Products;
			sourceTree = "<group>";
		};
		3B53D16828A3B12F00210ADE /* testSpaceXApp */ = {
			isa = PBXGroup;
			children = (
				3BEAA1B928D2006F0034D322 /* Core */,
				3B23F45628D0BAB10002ADDE /* Services */,
				3B92541628CFB6500092B998 /* SupportingFiles */,
				3B53D18128A3B7B700210ADE /* Resources */,
			);
			path = testSpaceXApp;
			sourceTree = "<group>";
		};
		3B53D17D28A3B76B00210ADE /* Application */ = {
			isa = PBXGroup;
			children = (
				3B53D16928A3B12F00210ADE /* AppDelegate.swift */,
				3B53D16B28A3B12F00210ADE /* SceneDelegate.swift */,
			);
			path = Application;
			sourceTree = "<group>";
		};
		3B53D18128A3B7B700210ADE /* Resources */ = {
			isa = PBXGroup;
			children = (
				3B53D17228A3B13200210ADE /* Assets.xcassets */,
				3B53D17728A3B13200210ADE /* Info.plist */,
			);
			path = Resources;
			sourceTree = "<group>";
		};
		3B92541628CFB6500092B998 /* SupportingFiles */ = {
			isa = PBXGroup;
			children = (
				3B92541928CFB6980092B998 /* JSONs */,
				3B92541828CFB6910092B998 /* Fonts */,
				3B92541728CFB67F0092B998 /* Helpers */,
			);
			path = SupportingFiles;
			sourceTree = "<group>";
		};
		3B92541728CFB67F0092B998 /* Helpers */ = {
			isa = PBXGroup;
			children = (
				3B92542928CFB7430092B998 /* Colors.swift */,
				3B92542B28CFB7530092B998 /* Fonts.swift */,
				3B92542D28CFB75E0092B998 /* Sizes.swift */,
				3B92542F28CFB76B0092B998 /* APIs.swift */,
				3B92543128CFB7870092B998 /* ObserverConstants.swift */,
				3B92543328CFB7990092B998 /* TextFormatter.swift */,
				3B92543528CFB7BA0092B998 /* UIImage + extensions.swift */,
				3B92543728CFB7D00092B998 /* UIScrollView + extensions.swift */,
				3B92543928CFB7E90092B998 /* UIViewController + extension.swift */,
			);
			path = Helpers;
			sourceTree = "<group>";
		};
		3B92541828CFB6910092B998 /* Fonts */ = {
			isa = PBXGroup;
			children = (
				3B92542128CFB7170092B998 /* FontNames */,
				3B92542028CFB7170092B998 /* LabGrotesque-Bold.ttf */,
				3B92541F28CFB7170092B998 /* LabGrotesque-Medium.ttf */,
				3B92542228CFB7170092B998 /* LabGrotesque-Regular.ttf */,
				3B92541E28CFB7160092B998 /* LabGrotesque-Thin.ttf */,
			);
			path = Fonts;
			sourceTree = "<group>";
		};
		3B92541928CFB6980092B998 /* JSONs */ = {
			isa = PBXGroup;
			children = (
				3B92541B28CFB6ED0092B998 /* Launches.JSON */,
				3B92541A28CFB6ED0092B998 /* Rockets.JSON */,
			);
			path = JSONs;
			sourceTree = "<group>";
		};
		3BEAA1B928D2006F0034D322 /* Core */ = {
			isa = PBXGroup;
			children = (
				3B53D17D28A3B76B00210ADE /* Application */,
				3BEAA1BA28D2008A0034D322 /* Root */,
				3BEAA1BD28D201570034D322 /* Routing */,
				3BEAA1C028D202210034D322 /* Assembly */,
				3BEAA1C328D202740034D322 /* Modules */,
			);
			path = Core;
			sourceTree = "<group>";
		};
		3BEAA1BA28D2008A0034D322 /* Root */ = {
			isa = PBXGroup;
			children = (
				3BEAA1BB28D2013A0034D322 /* NavigtionController.swift */,
			);
			path = Root;
			sourceTree = "<group>";
		};
		3BEAA1BD28D201570034D322 /* Routing */ = {
			isa = PBXGroup;
			children = (
				3BEAA1BE28D201720034D322 /* Router.swift */,
			);
			path = Routing;
			sourceTree = "<group>";
		};
		3BEAA1C028D202210034D322 /* Assembly */ = {
			isa = PBXGroup;
			children = (
				3B32D31E28D255350050B172 /* AssemblyBuilder.swift */,
			);
			path = Assembly;
			sourceTree = "<group>";
		};
		3BEAA1C328D202740034D322 /* Modules */ = {
			isa = PBXGroup;
			children = (
				3BEAA1C728D2028B0034D322 /* BaseModule */,
				3BEAA1C628D2028A0034D322 /* MainModule */,
				3BEAA1C528D202860034D322 /* DetailsModule */,
				3BEAA1C428D202810034D322 /* SettingModule */,
			);
			path = Modules;
			sourceTree = "<group>";
		};
		3BEAA1C428D202810034D322 /* SettingModule */ = {
			isa = PBXGroup;
			children = (
				3BEAA1D228D202FB0034D322 /* View */,
				3BEAA1D128D202F90034D322 /* Presenter */,
			);
			path = SettingModule;
			sourceTree = "<group>";
		};
		3BEAA1C528D202860034D322 /* DetailsModule */ = {
			isa = PBXGroup;
			children = (
				3BEAA1D028D202F60034D322 /* Model */,
				3BEAA1CF28D202F40034D322 /* View */,
				3BEAA1CE28D202F20034D322 /* Presenter */,
			);
			path = DetailsModule;
			sourceTree = "<group>";
		};
		3BEAA1C628D2028A0034D322 /* MainModule */ = {
			isa = PBXGroup;
			children = (
				3BEAA1CD28D202EF0034D322 /* Model */,
				3BEAA1CC28D202ED0034D322 /* View */,
				3BEAA1CB28D202EB0034D322 /* Presenter */,
			);
			path = MainModule;
			sourceTree = "<group>";
		};
		3BEAA1C728D2028B0034D322 /* BaseModule */ = {
			isa = PBXGroup;
			children = (
				3BEAA1CA28D202E90034D322 /* Model */,
				3BEAA1C928D202E60034D322 /* View */,
				3BEAA1C828D202E40034D322 /* Presenter */,
			);
			path = BaseModule;
			sourceTree = "<group>";
		};
		3BEAA1C828D202E40034D322 /* Presenter */ = {
			isa = PBXGroup;
			children = (
				3BEAA1D728D203C00034D322 /* BasePresenter.swift */,
			);
			path = Presenter;
			sourceTree = "<group>";
		};
		3BEAA1C928D202E60034D322 /* View */ = {
			isa = PBXGroup;
			children = (
				3BEAA1D528D203AE0034D322 /* BasePageViewController.swift */,
			);
			path = View;
			sourceTree = "<group>";
		};
		3BEAA1CA28D202E90034D322 /* Model */ = {
			isa = PBXGroup;
			children = (
				3BEAA1D328D2039B0034D322 /* RocketModel.swift */,
			);
			path = Model;
			sourceTree = "<group>";
		};
		3BEAA1CB28D202EB0034D322 /* Presenter */ = {
			isa = PBXGroup;
			children = (
				3BEAA1DE28D2047B0034D322 /* MainPresenter.swift */,
			);
			path = Presenter;
			sourceTree = "<group>";
		};
		3BEAA1CC28D202ED0034D322 /* View */ = {
			isa = PBXGroup;
			children = (
				3BEAA1D928D2041B0034D322 /* Subview */,
			);
			path = View;
			sourceTree = "<group>";
		};
		3BEAA1CD28D202EF0034D322 /* Model */ = {
			isa = PBXGroup;
			children = (
				3BEAA1DA28D204350034D322 /* RocketData.swift */,
			);
			path = Model;
			sourceTree = "<group>";
		};
		3BEAA1CE28D202F20034D322 /* Presenter */ = {
			isa = PBXGroup;
			children = (
				3BEAA1E228D204F10034D322 /* DetailPresenter.swift */,
			);
			path = Presenter;
			sourceTree = "<group>";
		};
		3BEAA1CF28D202F40034D322 /* View */ = {
			isa = PBXGroup;
			children = (
				3B32D30C28D252630050B172 /* DetailsViewController.swift */,
				3B32D30A28D252370050B172 /* VIewModel */,
				3B32D30928D2522E0050B172 /* Cells */,
			);
			path = View;
			sourceTree = "<group>";
		};
		3BEAA1D028D202F60034D322 /* Model */ = {
			isa = PBXGroup;
			children = (
				3BEAA1E028D204D30034D322 /* LaunchModel.swift */,
			);
			path = Model;
			sourceTree = "<group>";
		};
		3BEAA1D128D202F90034D322 /* Presenter */ = {
			isa = PBXGroup;
			children = (
				3B32D31528D253150050B172 /* SettingPresenter.swift */,
			);
			path = Presenter;
			sourceTree = "<group>";
		};
		3BEAA1D228D202FB0034D322 /* View */ = {
			isa = PBXGroup;
			children = (
				3B32D31828D253480050B172 /* SettingViewController.swift */,
				3B32D31728D2532E0050B172 /* Subviews */,
			);
			path = View;
			sourceTree = "<group>";
		};
		3BEAA1D928D2041B0034D322 /* Subview */ = {
			isa = PBXGroup;
			children = (
				3BEAA1DC28D204500034D322 /* MainViewController.swift */,
				3B32D2E328D24A8E0050B172 /* MainView */,
			);
			path = Subview;
			sourceTree = "<group>";
		};
/* End PBXGroup section */

/* Begin PBXNativeTarget section */
		3B53D16528A3B12F00210ADE /* testSpaceXApp */ = {
			isa = PBXNativeTarget;
			buildConfigurationList = 3B53D17A28A3B13200210ADE /* Build configuration list for PBXNativeTarget "testSpaceXApp" */;
			buildPhases = (
				3B53D16228A3B12F00210ADE /* Sources */,
				3B53D16328A3B12F00210ADE /* Frameworks */,
				3B53D16428A3B12F00210ADE /* Resources */,
			);
			buildRules = (
			);
			dependencies = (
			);
			name = testSpaceXApp;
			productName = testSpaceXApp;
			productReference = 3B53D16628A3B12F00210ADE /* testSpaceXApp.app */;
			productType = "com.apple.product-type.application";
		};
/* End PBXNativeTarget section */

/* Begin PBXProject section */
		3B53D15E28A3B12F00210ADE /* Project object */ = {
			isa = PBXProject;
			attributes = {
				BuildIndependentTargetsInParallel = 1;
				LastSwiftUpdateCheck = 1400;
				LastUpgradeCheck = 1400;
				TargetAttributes = {
					3B53D16528A3B12F00210ADE = {
						CreatedOnToolsVersion = 14.0;
					};
				};
			};
			buildConfigurationList = 3B53D16128A3B12F00210ADE /* Build configuration list for PBXProject "testSpaceXApp" */;
			compatibilityVersion = "Xcode 12.0";
			developmentRegion = en;
			hasScannedForEncodings = 0;
			knownRegions = (
				en,
				Base,
			);
			mainGroup = 3B53D15D28A3B12F00210ADE;
			productRefGroup = 3B53D16728A3B12F00210ADE /* Products */;
			projectDirPath = "";
			projectRoot = "";
			targets = (
				3B53D16528A3B12F00210ADE /* testSpaceXApp */,
			);
		};
/* End PBXProject section */

/* Begin PBXResourcesBuildPhase section */
		3B53D16428A3B12F00210ADE /* Resources */ = {
			isa = PBXResourcesBuildPhase;
			buildActionMask = 2147483647;
			files = (
				3B92541D28CFB6ED0092B998 /* Launches.JSON in Resources */,
				3B53D17328A3B13200210ADE /* Assets.xcassets in Resources */,
				3B92542328CFB7170092B998 /* LabGrotesque-Thin.ttf in Resources */,
				3B92542528CFB7170092B998 /* LabGrotesque-Bold.ttf in Resources */,
				3B92542628CFB7170092B998 /* FontNames in Resources */,
				3B92542428CFB7170092B998 /* LabGrotesque-Medium.ttf in Resources */,
				3B92541C28CFB6ED0092B998 /* Rockets.JSON in Resources */,
				3B92542728CFB7170092B998 /* LabGrotesque-Regular.ttf in Resources */,
			);
			runOnlyForDeploymentPostprocessing = 0;
		};
/* End PBXResourcesBuildPhase section */

/* Begin PBXSourcesBuildPhase section */
		3B53D16228A3B12F00210ADE /* Sources */ = {
			isa = PBXSourcesBuildPhase;
			buildActionMask = 2147483647;
			files = (
				3B23F45828D0BADF0002ADDE /* NetworkManager.swift in Sources */,
				3BEAA1D628D203AE0034D322 /* BasePageViewController.swift in Sources */,
				3B32D31428D252C50050B172 /* DetailsCollectionCellViewModel.swift in Sources */,
				3B53D16A28A3B12F00210ADE /* AppDelegate.swift in Sources */,
				3B92543428CFB7990092B998 /* TextFormatter.swift in Sources */,
				3B92542E28CFB75E0092B998 /* Sizes.swift in Sources */,
				3B32D30D28D252630050B172 /* DetailsViewController.swift in Sources */,
				3B32D30028D250D10050B172 /* MainSectionHeader.swift in Sources */,
				3B32D2F328D24BA30050B172 /* MainCollectionViewCellViewModel.swift in Sources */,
				3BEAA1E328D204F10034D322 /* DetailPresenter.swift in Sources */,
				3B32D30828D251CB0050B172 /* MainButtonSectionViewModel.swift in Sources */,
				3BEAA1BC28D2013A0034D322 /* NavigtionController.swift in Sources */,
				3B92542C28CFB7530092B998 /* Fonts.swift in Sources */,
				3B32D30428D251970050B172 /* MainInfoSectionViewModel.swift in Sources */,
				3B92543028CFB76B0092B998 /* APIs.swift in Sources */,
				3B92543A28CFB7E90092B998 /* UIViewController + extension.swift in Sources */,
				3B32D2ED28D24B490050B172 /* MainCollectionViewViewModel.swift in Sources */,
				3B32D31B28D2536F0050B172 /* SettingView.swift in Sources */,
				3B32D2EB28D24B330050B172 /* MainViewHeader.swift in Sources */,
				3B92543628CFB7BA0092B998 /* UIImage + extensions.swift in Sources */,
				3BEAA1DD28D204500034D322 /* MainViewController.swift in Sources */,
				3B32D31228D252B00050B172 /* DetailsCollectionCell.swift in Sources */,
				3B32D31D28D2537E0050B172 /* SettingItemView.swift in Sources */,
				3BEAA1DB28D204350034D322 /* RocketData.swift in Sources */,
				3B32D2F128D24B8D0050B172 /* MainCollectionViewCell.swift in Sources */,
				3B32D31928D253480050B172 /* SettingViewController.swift in Sources */,
				3B32D2FE28D24C400050B172 /* MainInfoSectionCell.swift in Sources */,
				3BEAA1BF28D201720034D322 /* Router.swift in Sources */,
				3B92542A28CFB7430092B998 /* Colors.swift in Sources */,
				3B23F45A28D0BB090002ADDE /* DataManager.swift in Sources */,
				3B92543828CFB7D00092B998 /* UIScrollView + extensions.swift in Sources */,
				3BEAA1D428D2039B0034D322 /* RocketModel.swift in Sources */,
				3B32D2E928D24B080050B172 /* MainView.swift in Sources */,
				3B32D2FA28D24C100050B172 /* MainShowButtonCell.swift in Sources */,
				3B32D2F528D24BCB0050B172 /* MainTableViewViewModel.swift in Sources */,
				3B32D2FC28D24C2B0050B172 /* MainStageSectionCell.swift in Sources */,
				3BEAA1E128D204D30034D322 /* LaunchModel.swift in Sources */,
				3B32D30F28D252800050B172 /* DetailsCollectionViewModel.swift in Sources */,
				3B32D30628D251B20050B172 /* MainStageSectionViewModel.swift in Sources */,
				3B32D31F28D255350050B172 /* AssemblyBuilder.swift in Sources */,
				3B92543228CFB7870092B998 /* ObserverConstants.swift in Sources */,
				3BEAA1DF28D2047B0034D322 /* MainPresenter.swift in Sources */,
				3B53D16C28A3B12F00210ADE /* SceneDelegate.swift in Sources */,
				3BEAA1D828D203C00034D322 /* BasePresenter.swift in Sources */,
				3B32D30228D251740050B172 /* MainTableViewCellViewModel.swift in Sources */,
				3B32D31628D253150050B172 /* SettingPresenter.swift in Sources */,
			);
			runOnlyForDeploymentPostprocessing = 0;
		};
/* End PBXSourcesBuildPhase section */

/* Begin XCBuildConfiguration section */
		3B53D17828A3B13200210ADE /* Debug */ = {
			isa = XCBuildConfiguration;
			buildSettings = {
				ALWAYS_SEARCH_USER_PATHS = NO;
				CLANG_ANALYZER_NONNULL = YES;
				CLANG_ANALYZER_NUMBER_OBJECT_CONVERSION = YES_AGGRESSIVE;
				CLANG_CXX_LANGUAGE_STANDARD = "gnu++20";
				CLANG_ENABLE_MODULES = YES;
				CLANG_ENABLE_OBJC_ARC = YES;
				CLANG_ENABLE_OBJC_WEAK = YES;
				CLANG_WARN_BLOCK_CAPTURE_AUTORELEASING = YES;
				CLANG_WARN_BOOL_CONVERSION = YES;
				CLANG_WARN_COMMA = YES;
				CLANG_WARN_CONSTANT_CONVERSION = YES;
				CLANG_WARN_DEPRECATED_OBJC_IMPLEMENTATIONS = YES;
				CLANG_WARN_DIRECT_OBJC_ISA_USAGE = YES_ERROR;
				CLANG_WARN_DOCUMENTATION_COMMENTS = YES;
				CLANG_WARN_EMPTY_BODY = YES;
				CLANG_WARN_ENUM_CONVERSION = YES;
				CLANG_WARN_INFINITE_RECURSION = YES;
				CLANG_WARN_INT_CONVERSION = YES;
				CLANG_WARN_NON_LITERAL_NULL_CONVERSION = YES;
				CLANG_WARN_OBJC_IMPLICIT_RETAIN_SELF = YES;
				CLANG_WARN_OBJC_LITERAL_CONVERSION = YES;
				CLANG_WARN_OBJC_ROOT_CLASS = YES_ERROR;
				CLANG_WARN_QUOTED_INCLUDE_IN_FRAMEWORK_HEADER = YES;
				CLANG_WARN_RANGE_LOOP_ANALYSIS = YES;
				CLANG_WARN_STRICT_PROTOTYPES = YES;
				CLANG_WARN_SUSPICIOUS_MOVE = YES;
				CLANG_WARN_UNGUARDED_AVAILABILITY = YES_AGGRESSIVE;
				CLANG_WARN_UNREACHABLE_CODE = YES;
				CLANG_WARN__DUPLICATE_METHOD_MATCH = YES;
				COPY_PHASE_STRIP = NO;
				DEBUG_INFORMATION_FORMAT = dwarf;
				ENABLE_STRICT_OBJC_MSGSEND = YES;
				ENABLE_TESTABILITY = YES;
				GCC_C_LANGUAGE_STANDARD = gnu11;
				GCC_DYNAMIC_NO_PIC = NO;
				GCC_NO_COMMON_BLOCKS = YES;
				GCC_OPTIMIZATION_LEVEL = 0;
				GCC_PREPROCESSOR_DEFINITIONS = (
					"DEBUG=1",
					"$(inherited)",
				);
				GCC_WARN_64_TO_32_BIT_CONVERSION = YES;
				GCC_WARN_ABOUT_RETURN_TYPE = YES_ERROR;
				GCC_WARN_UNDECLARED_SELECTOR = YES;
				GCC_WARN_UNINITIALIZED_AUTOS = YES_AGGRESSIVE;
				GCC_WARN_UNUSED_FUNCTION = YES;
				GCC_WARN_UNUSED_VARIABLE = YES;
				IPHONEOS_DEPLOYMENT_TARGET = 16.0;
				MTL_ENABLE_DEBUG_INFO = INCLUDE_SOURCE;
				MTL_FAST_MATH = YES;
				ONLY_ACTIVE_ARCH = YES;
				SDKROOT = iphoneos;
				SWIFT_ACTIVE_COMPILATION_CONDITIONS = DEBUG;
				SWIFT_OPTIMIZATION_LEVEL = "-Onone";
			};
			name = Debug;
		};
		3B53D17928A3B13200210ADE /* Release */ = {
			isa = XCBuildConfiguration;
			buildSettings = {
				ALWAYS_SEARCH_USER_PATHS = NO;
				CLANG_ANALYZER_NONNULL = YES;
				CLANG_ANALYZER_NUMBER_OBJECT_CONVERSION = YES_AGGRESSIVE;
				CLANG_CXX_LANGUAGE_STANDARD = "gnu++20";
				CLANG_ENABLE_MODULES = YES;
				CLANG_ENABLE_OBJC_ARC = YES;
				CLANG_ENABLE_OBJC_WEAK = YES;
				CLANG_WARN_BLOCK_CAPTURE_AUTORELEASING = YES;
				CLANG_WARN_BOOL_CONVERSION = YES;
				CLANG_WARN_COMMA = YES;
				CLANG_WARN_CONSTANT_CONVERSION = YES;
				CLANG_WARN_DEPRECATED_OBJC_IMPLEMENTATIONS = YES;
				CLANG_WARN_DIRECT_OBJC_ISA_USAGE = YES_ERROR;
				CLANG_WARN_DOCUMENTATION_COMMENTS = YES;
				CLANG_WARN_EMPTY_BODY = YES;
				CLANG_WARN_ENUM_CONVERSION = YES;
				CLANG_WARN_INFINITE_RECURSION = YES;
				CLANG_WARN_INT_CONVERSION = YES;
				CLANG_WARN_NON_LITERAL_NULL_CONVERSION = YES;
				CLANG_WARN_OBJC_IMPLICIT_RETAIN_SELF = YES;
				CLANG_WARN_OBJC_LITERAL_CONVERSION = YES;
				CLANG_WARN_OBJC_ROOT_CLASS = YES_ERROR;
				CLANG_WARN_QUOTED_INCLUDE_IN_FRAMEWORK_HEADER = YES;
				CLANG_WARN_RANGE_LOOP_ANALYSIS = YES;
				CLANG_WARN_STRICT_PROTOTYPES = YES;
				CLANG_WARN_SUSPICIOUS_MOVE = YES;
				CLANG_WARN_UNGUARDED_AVAILABILITY = YES_AGGRESSIVE;
				CLANG_WARN_UNREACHABLE_CODE = YES;
				CLANG_WARN__DUPLICATE_METHOD_MATCH = YES;
				COPY_PHASE_STRIP = NO;
				DEBUG_INFORMATION_FORMAT = "dwarf-with-dsym";
				ENABLE_NS_ASSERTIONS = NO;
				ENABLE_STRICT_OBJC_MSGSEND = YES;
				GCC_C_LANGUAGE_STANDARD = gnu11;
				GCC_NO_COMMON_BLOCKS = YES;
				GCC_WARN_64_TO_32_BIT_CONVERSION = YES;
				GCC_WARN_ABOUT_RETURN_TYPE = YES_ERROR;
				GCC_WARN_UNDECLARED_SELECTOR = YES;
				GCC_WARN_UNINITIALIZED_AUTOS = YES_AGGRESSIVE;
				GCC_WARN_UNUSED_FUNCTION = YES;
				GCC_WARN_UNUSED_VARIABLE = YES;
				IPHONEOS_DEPLOYMENT_TARGET = 16.0;
				MTL_ENABLE_DEBUG_INFO = NO;
				MTL_FAST_MATH = YES;
				SDKROOT = iphoneos;
				SWIFT_COMPILATION_MODE = wholemodule;
				SWIFT_OPTIMIZATION_LEVEL = "-O";
				VALIDATE_PRODUCT = YES;
			};
			name = Release;
		};
		3B53D17B28A3B13200210ADE /* Debug */ = {
			isa = XCBuildConfiguration;
			buildSettings = {
				ASSETCATALOG_COMPILER_APPICON_NAME = AppIcon;
				ASSETCATALOG_COMPILER_GLOBAL_ACCENT_COLOR_NAME = AccentColor;
				CODE_SIGN_STYLE = Automatic;
				CURRENT_PROJECT_VERSION = 1;
				DEVELOPMENT_TEAM = BHK675K292;
				GENERATE_INFOPLIST_FILE = YES;
				INFOPLIST_FILE = testSpaceXApp/Resources/Info.plist;
				INFOPLIST_KEY_UIApplicationSupportsIndirectInputEvents = YES;
				INFOPLIST_KEY_UILaunchStoryboardName = LaunchScreen;
				INFOPLIST_KEY_UISupportedInterfaceOrientations = UIInterfaceOrientationPortrait;
				INFOPLIST_KEY_UISupportedInterfaceOrientations_iPad = "UIInterfaceOrientationLandscapeLeft UIInterfaceOrientationLandscapeRight UIInterfaceOrientationPortrait UIInterfaceOrientationPortraitUpsideDown";
				IPHONEOS_DEPLOYMENT_TARGET = 13.0;
				LD_RUNPATH_SEARCH_PATHS = (
					"$(inherited)",
					"@executable_path/Frameworks",
				);
				MARKETING_VERSION = 1.0;
				PRODUCT_BUNDLE_IDENTIFIER = com.google.testSpaceXApp;
				PRODUCT_NAME = "$(TARGET_NAME)";
				SWIFT_EMIT_LOC_STRINGS = YES;
				SWIFT_VERSION = 5.0;
				TARGETED_DEVICE_FAMILY = "1,2";
			};
			name = Debug;
		};
		3B53D17C28A3B13200210ADE /* Release */ = {
			isa = XCBuildConfiguration;
			buildSettings = {
				ASSETCATALOG_COMPILER_APPICON_NAME = AppIcon;
				ASSETCATALOG_COMPILER_GLOBAL_ACCENT_COLOR_NAME = AccentColor;
				CODE_SIGN_STYLE = Automatic;
				CURRENT_PROJECT_VERSION = 1;
				DEVELOPMENT_TEAM = BHK675K292;
				GENERATE_INFOPLIST_FILE = YES;
				INFOPLIST_FILE = testSpaceXApp/Resources/Info.plist;
				INFOPLIST_KEY_UIApplicationSupportsIndirectInputEvents = YES;
				INFOPLIST_KEY_UILaunchStoryboardName = LaunchScreen;
				INFOPLIST_KEY_UISupportedInterfaceOrientations = UIInterfaceOrientationPortrait;
				INFOPLIST_KEY_UISupportedInterfaceOrientations_iPad = "UIInterfaceOrientationLandscapeLeft UIInterfaceOrientationLandscapeRight UIInterfaceOrientationPortrait UIInterfaceOrientationPortraitUpsideDown";
				IPHONEOS_DEPLOYMENT_TARGET = 13.0;
				LD_RUNPATH_SEARCH_PATHS = (
					"$(inherited)",
					"@executable_path/Frameworks",
				);
				MARKETING_VERSION = 1.0;
				PRODUCT_BUNDLE_IDENTIFIER = com.google.testSpaceXApp;
				PRODUCT_NAME = "$(TARGET_NAME)";
				SWIFT_EMIT_LOC_STRINGS = YES;
				SWIFT_VERSION = 5.0;
				TARGETED_DEVICE_FAMILY = "1,2";
			};
			name = Release;
		};
/* End XCBuildConfiguration section */

/* Begin XCConfigurationList section */
		3B53D16128A3B12F00210ADE /* Build configuration list for PBXProject "testSpaceXApp" */ = {
			isa = XCConfigurationList;
			buildConfigurations = (
				3B53D17828A3B13200210ADE /* Debug */,
				3B53D17928A3B13200210ADE /* Release */,
			);
			defaultConfigurationIsVisible = 0;
			defaultConfigurationName = Release;
		};
		3B53D17A28A3B13200210ADE /* Build configuration list for PBXNativeTarget "testSpaceXApp" */ = {
			isa = XCConfigurationList;
			buildConfigurations = (
				3B53D17B28A3B13200210ADE /* Debug */,
				3B53D17C28A3B13200210ADE /* Release */,
			);
			defaultConfigurationIsVisible = 0;
			defaultConfigurationName = Release;
		};
/* End XCConfigurationList section */
	};
	rootObject = 3B53D15E28A3B12F00210ADE /* Project object */;
}
