// !$*UTF8*$!
{
	archiveVersion = 1;
	classes = {
	};
	objectVersion = 56;
	objects = {

/* Begin PBXBuildFile section */
		3B0FF8D728A641C300B45ED2 /* LaunchTableViewCell.swift in Sources */ = {isa = PBXBuildFile; fileRef = 3B0FF8D628A641C300B45ED2 /* LaunchTableViewCell.swift */; };
		3B0FF8D928A6468700B45ED2 /* UIColor + Extensions.swift in Sources */ = {isa = PBXBuildFile; fileRef = 3B0FF8D828A6468700B45ED2 /* UIColor + Extensions.swift */; };
		3B0FF8DB28A646E100B45ED2 /* Resources.swift in Sources */ = {isa = PBXBuildFile; fileRef = 3B0FF8DA28A646E100B45ED2 /* Resources.swift */; };
		3B0FF8DD28A6680000B45ED2 /* SettingsViewController.swift in Sources */ = {isa = PBXBuildFile; fileRef = 3B0FF8DC28A6680000B45ED2 /* SettingsViewController.swift */; };
		3B0FF8DF28A668E600B45ED2 /* UILabel + Extensions.swift in Sources */ = {isa = PBXBuildFile; fileRef = 3B0FF8DE28A668E600B45ED2 /* UILabel + Extensions.swift */; };
		3B0FF8E228A66C0F00B45ED2 /* SettingsTableViewCell.swift in Sources */ = {isa = PBXBuildFile; fileRef = 3B0FF8E128A66C0F00B45ED2 /* SettingsTableViewCell.swift */; };
		3B53D16A28A3B12F00210ADE /* AppDelegate.swift in Sources */ = {isa = PBXBuildFile; fileRef = 3B53D16928A3B12F00210ADE /* AppDelegate.swift */; };
		3B53D16C28A3B12F00210ADE /* SceneDelegate.swift in Sources */ = {isa = PBXBuildFile; fileRef = 3B53D16B28A3B12F00210ADE /* SceneDelegate.swift */; };
		3B53D17328A3B13200210ADE /* Assets.xcassets in Resources */ = {isa = PBXBuildFile; fileRef = 3B53D17228A3B13200210ADE /* Assets.xcassets */; };
		3B53D18428A3C5DE00210ADE /* DataView.swift in Sources */ = {isa = PBXBuildFile; fileRef = 3B53D18328A3C5DE00210ADE /* DataView.swift */; };
		3B53D18828A3CA9000210ADE /* UIStackView + Extensions.swift in Sources */ = {isa = PBXBuildFile; fileRef = 3B53D18728A3CA9000210ADE /* UIStackView + Extensions.swift */; };
		3B53D18A28A3DD4A00210ADE /* LaunchViewController.swift in Sources */ = {isa = PBXBuildFile; fileRef = 3B53D18928A3DD4A00210ADE /* LaunchViewController.swift */; };
		3B74777C28AD30560016E8EF /* model.json in Resources */ = {isa = PBXBuildFile; fileRef = 3B74777B28AD30560016E8EF /* model.json */; };
		3B74777E28AD30A00016E8EF /* Bundle + Extension.swift in Sources */ = {isa = PBXBuildFile; fileRef = 3B74777D28AD30A00016E8EF /* Bundle + Extension.swift */; };
		3B74778228AD318C0016E8EF /* MChat.swift in Sources */ = {isa = PBXBuildFile; fileRef = 3B74778028AD318C0016E8EF /* MChat.swift */; };
		3B74778328AD318C0016E8EF /* MSection.swift in Sources */ = {isa = PBXBuildFile; fileRef = 3B74778128AD318C0016E8EF /* MSection.swift */; };
		3B74778528AE4BE30016E8EF /* MainViewController.swift in Sources */ = {isa = PBXBuildFile; fileRef = 3B74778428AE4BE30016E8EF /* MainViewController.swift */; };
		3B74778728AE56070016E8EF /* MainCollectionViewCell.swift in Sources */ = {isa = PBXBuildFile; fileRef = 3B74778628AE56070016E8EF /* MainCollectionViewCell.swift */; };
		3B74778B28AE78710016E8EF /* ActiveChatCell.swift in Sources */ = {isa = PBXBuildFile; fileRef = 3B74778A28AE78710016E8EF /* ActiveChatCell.swift */; };
		3B74778D28AE78840016E8EF /* WatingChatCell.swift in Sources */ = {isa = PBXBuildFile; fileRef = 3B74778C28AE78840016E8EF /* WatingChatCell.swift */; };
		3B74779228AF81B80016E8EF /* LaunchAPI.swift in Sources */ = {isa = PBXBuildFile; fileRef = 3B74779028AF81B80016E8EF /* LaunchAPI.swift */; };
		3B9FA31E28B3A24100AC9927 /* LaunchNetwork.swift in Sources */ = {isa = PBXBuildFile; fileRef = 3B9FA31D28B3A24100AC9927 /* LaunchNetwork.swift */; };
		3B9FA32128B3AA1B00AC9927 /* NetworkDataFetch.swift in Sources */ = {isa = PBXBuildFile; fileRef = 3B9FA31F28B3AA1B00AC9927 /* NetworkDataFetch.swift */; };
		3B9FA32228B3AA1B00AC9927 /* NetworkRequest.swift in Sources */ = {isa = PBXBuildFile; fileRef = 3B9FA32028B3AA1B00AC9927 /* NetworkRequest.swift */; };
/* End PBXBuildFile section */

/* Begin PBXFileReference section */
		3B0FF8D628A641C300B45ED2 /* LaunchTableViewCell.swift */ = {isa = PBXFileReference; lastKnownFileType = sourcecode.swift; path = LaunchTableViewCell.swift; sourceTree = "<group>"; };
		3B0FF8D828A6468700B45ED2 /* UIColor + Extensions.swift */ = {isa = PBXFileReference; lastKnownFileType = sourcecode.swift; path = "UIColor + Extensions.swift"; sourceTree = "<group>"; };
		3B0FF8DA28A646E100B45ED2 /* Resources.swift */ = {isa = PBXFileReference; lastKnownFileType = sourcecode.swift; path = Resources.swift; sourceTree = "<group>"; };
		3B0FF8DC28A6680000B45ED2 /* SettingsViewController.swift */ = {isa = PBXFileReference; lastKnownFileType = sourcecode.swift; path = SettingsViewController.swift; sourceTree = "<group>"; };
		3B0FF8DE28A668E600B45ED2 /* UILabel + Extensions.swift */ = {isa = PBXFileReference; lastKnownFileType = sourcecode.swift; path = "UILabel + Extensions.swift"; sourceTree = "<group>"; };
		3B0FF8E128A66C0F00B45ED2 /* SettingsTableViewCell.swift */ = {isa = PBXFileReference; lastKnownFileType = sourcecode.swift; path = SettingsTableViewCell.swift; sourceTree = "<group>"; };
		3B53D16628A3B12F00210ADE /* testSpaceXApp.app */ = {isa = PBXFileReference; explicitFileType = wrapper.application; includeInIndex = 0; path = testSpaceXApp.app; sourceTree = BUILT_PRODUCTS_DIR; };
		3B53D16928A3B12F00210ADE /* AppDelegate.swift */ = {isa = PBXFileReference; lastKnownFileType = sourcecode.swift; path = AppDelegate.swift; sourceTree = "<group>"; };
		3B53D16B28A3B12F00210ADE /* SceneDelegate.swift */ = {isa = PBXFileReference; lastKnownFileType = sourcecode.swift; path = SceneDelegate.swift; sourceTree = "<group>"; };
		3B53D17228A3B13200210ADE /* Assets.xcassets */ = {isa = PBXFileReference; lastKnownFileType = folder.assetcatalog; path = Assets.xcassets; sourceTree = "<group>"; };
		3B53D17728A3B13200210ADE /* Info.plist */ = {isa = PBXFileReference; lastKnownFileType = text.plist.xml; path = Info.plist; sourceTree = "<group>"; };
		3B53D18328A3C5DE00210ADE /* DataView.swift */ = {isa = PBXFileReference; lastKnownFileType = sourcecode.swift; path = DataView.swift; sourceTree = "<group>"; };
		3B53D18728A3CA9000210ADE /* UIStackView + Extensions.swift */ = {isa = PBXFileReference; lastKnownFileType = sourcecode.swift; path = "UIStackView + Extensions.swift"; sourceTree = "<group>"; };
		3B53D18928A3DD4A00210ADE /* LaunchViewController.swift */ = {isa = PBXFileReference; lastKnownFileType = sourcecode.swift; path = LaunchViewController.swift; sourceTree = "<group>"; };
		3B74777B28AD30560016E8EF /* model.json */ = {isa = PBXFileReference; fileEncoding = 4; lastKnownFileType = text.json; name = model.json; path = "../../../../../../Downloads/CreateSecondSectionInUICollectionView-master/MultipleSections/model.json"; sourceTree = "<group>"; };
		3B74777D28AD30A00016E8EF /* Bundle + Extension.swift */ = {isa = PBXFileReference; fileEncoding = 4; lastKnownFileType = sourcecode.swift; name = "Bundle + Extension.swift"; path = "../../../../../../Downloads/CreateSecondSectionInUICollectionView-master/MultipleSections/Extensions/Bundle + Extension.swift"; sourceTree = "<group>"; };
		3B74778028AD318C0016E8EF /* MChat.swift */ = {isa = PBXFileReference; fileEncoding = 4; lastKnownFileType = sourcecode.swift; name = MChat.swift; path = "../../../../../../Downloads/CreateSecondSectionInUICollectionView-master/MultipleSections/Models/MChat.swift"; sourceTree = "<group>"; };
		3B74778128AD318C0016E8EF /* MSection.swift */ = {isa = PBXFileReference; fileEncoding = 4; lastKnownFileType = sourcecode.swift; name = MSection.swift; path = "../../../../../../Downloads/CreateSecondSectionInUICollectionView-master/MultipleSections/Models/MSection.swift"; sourceTree = "<group>"; };
		3B74778428AE4BE30016E8EF /* MainViewController.swift */ = {isa = PBXFileReference; lastKnownFileType = sourcecode.swift; path = MainViewController.swift; sourceTree = "<group>"; };
		3B74778628AE56070016E8EF /* MainCollectionViewCell.swift */ = {isa = PBXFileReference; lastKnownFileType = sourcecode.swift; path = MainCollectionViewCell.swift; sourceTree = "<group>"; };
		3B74778A28AE78710016E8EF /* ActiveChatCell.swift */ = {isa = PBXFileReference; lastKnownFileType = sourcecode.swift; path = ActiveChatCell.swift; sourceTree = "<group>"; };
		3B74778C28AE78840016E8EF /* WatingChatCell.swift */ = {isa = PBXFileReference; lastKnownFileType = sourcecode.swift; path = WatingChatCell.swift; sourceTree = "<group>"; };
		3B74779028AF81B80016E8EF /* LaunchAPI.swift */ = {isa = PBXFileReference; fileEncoding = 4; lastKnownFileType = sourcecode.swift; name = LaunchAPI.swift; path = ../../../../../../Downloads/SecondCourse_9/FirstApp_Process/FirstApp_Process/Network/LaunchAPI.swift; sourceTree = "<group>"; };
		3B9FA31D28B3A24100AC9927 /* LaunchNetwork.swift */ = {isa = PBXFileReference; lastKnownFileType = sourcecode.swift; path = LaunchNetwork.swift; sourceTree = "<group>"; };
		3B9FA31F28B3AA1B00AC9927 /* NetworkDataFetch.swift */ = {isa = PBXFileReference; fileEncoding = 4; lastKnownFileType = sourcecode.swift; name = NetworkDataFetch.swift; path = "../../../../../../Downloads/SecondCourse_9-2/FirstApp_Process/FirstApp_Process/Network/NetworkDataFetch.swift"; sourceTree = "<group>"; };
		3B9FA32028B3AA1B00AC9927 /* NetworkRequest.swift */ = {isa = PBXFileReference; fileEncoding = 4; lastKnownFileType = sourcecode.swift; name = NetworkRequest.swift; path = "../../../../../../Downloads/SecondCourse_9-2/FirstApp_Process/FirstApp_Process/Network/NetworkRequest.swift"; sourceTree = "<group>"; };
/* End PBXFileReference section */

/* Begin PBXFrameworksBuildPhase section */
		3B53D16328A3B12F00210ADE /* Frameworks */ = {
			isa = PBXFrameworksBuildPhase;
			buildActionMask = 2147483647;
			files = (
			);
			runOnlyForDeploymentPostprocessing = 0;
		};
/* End PBXFrameworksBuildPhase section */

/* Begin PBXGroup section */
		3B0FF8D528A640FD00B45ED2 /* LaunchVC */ = {
			isa = PBXGroup;
			children = (
				3B0FF8D628A641C300B45ED2 /* LaunchTableViewCell.swift */,
			);
			path = LaunchVC;
			sourceTree = "<group>";
		};
		3B0FF8E028A66BE900B45ED2 /* SettingsVC */ = {
			isa = PBXGroup;
			children = (
				3B0FF8E128A66C0F00B45ED2 /* SettingsTableViewCell.swift */,
			);
			path = SettingsVC;
			sourceTree = "<group>";
		};
		3B53D15D28A3B12F00210ADE = {
			isa = PBXGroup;
			children = (
				3B53D16828A3B12F00210ADE /* testSpaceXApp */,
				3B53D16728A3B12F00210ADE /* Products */,
			);
			sourceTree = "<group>";
		};
		3B53D16728A3B12F00210ADE /* Products */ = {
			isa = PBXGroup;
			children = (
				3B53D16628A3B12F00210ADE /* testSpaceXApp.app */,
			);
			name = Products;
			sourceTree = "<group>";
		};
		3B53D16828A3B12F00210ADE /* testSpaceXApp */ = {
			isa = PBXGroup;
			children = (
				3B74778E28AF81960016E8EF /* Network */,
				3B74777F28AD317A0016E8EF /* Model */,
				3B53D18528A3CA5700210ADE /* Extensions */,
				3B53D17D28A3B76B00210ADE /* Application */,
				3B53D18028A3B7AF00210ADE /* View */,
				3B53D18128A3B7B700210ADE /* Resources */,
				3B53D17F28A3B7A600210ADE /* Controllers */,
			);
			path = testSpaceXApp;
			sourceTree = "<group>";
		};
		3B53D17D28A3B76B00210ADE /* Application */ = {
			isa = PBXGroup;
			children = (
				3B53D16928A3B12F00210ADE /* AppDelegate.swift */,
				3B53D16B28A3B12F00210ADE /* SceneDelegate.swift */,
			);
			path = Application;
			sourceTree = "<group>";
		};
		3B53D17F28A3B7A600210ADE /* Controllers */ = {
			isa = PBXGroup;
			children = (
				3B53D18928A3DD4A00210ADE /* LaunchViewController.swift */,
				3B0FF8DC28A6680000B45ED2 /* SettingsViewController.swift */,
				3B74778428AE4BE30016E8EF /* MainViewController.swift */,
			);
			path = Controllers;
			sourceTree = "<group>";
		};
		3B53D18028A3B7AF00210ADE /* View */ = {
			isa = PBXGroup;
			children = (
				3B0FF8E028A66BE900B45ED2 /* SettingsVC */,
				3B0FF8D528A640FD00B45ED2 /* LaunchVC */,
				3B53D18228A3C5BD00210ADE /* MainVC */,
			);
			path = View;
			sourceTree = "<group>";
		};
		3B53D18128A3B7B700210ADE /* Resources */ = {
			isa = PBXGroup;
			children = (
				3B53D17228A3B13200210ADE /* Assets.xcassets */,
				3B53D17728A3B13200210ADE /* Info.plist */,
				3B0FF8DA28A646E100B45ED2 /* Resources.swift */,
				3B74777B28AD30560016E8EF /* model.json */,
			);
			path = Resources;
			sourceTree = "<group>";
		};
		3B53D18228A3C5BD00210ADE /* MainVC */ = {
			isa = PBXGroup;
			children = (
				3B74778828AE78270016E8EF /* DataView */,
				3B74778628AE56070016E8EF /* MainCollectionViewCell.swift */,
			);
			path = MainVC;
			sourceTree = "<group>";
		};
		3B53D18528A3CA5700210ADE /* Extensions */ = {
			isa = PBXGroup;
			children = (
				3B74777D28AD30A00016E8EF /* Bundle + Extension.swift */,
				3B53D18628A3CA6A00210ADE /* UIKit */,
			);
			path = Extensions;
			sourceTree = "<group>";
		};
		3B53D18628A3CA6A00210ADE /* UIKit */ = {
			isa = PBXGroup;
			children = (
				3B53D18728A3CA9000210ADE /* UIStackView + Extensions.swift */,
				3B0FF8D828A6468700B45ED2 /* UIColor + Extensions.swift */,
				3B0FF8DE28A668E600B45ED2 /* UILabel + Extensions.swift */,
			);
			path = UIKit;
			sourceTree = "<group>";
		};
		3B74777F28AD317A0016E8EF /* Model */ = {
			isa = PBXGroup;
			children = (
				3B74778028AD318C0016E8EF /* MChat.swift */,
				3B74778128AD318C0016E8EF /* MSection.swift */,
				3B9FA31D28B3A24100AC9927 /* LaunchNetwork.swift */,
			);
			path = Model;
			sourceTree = "<group>";
		};
		3B74778828AE78270016E8EF /* DataView */ = {
			isa = PBXGroup;
			children = (
				3B53D18328A3C5DE00210ADE /* DataView.swift */,
				3B74778A28AE78710016E8EF /* ActiveChatCell.swift */,
				3B74778C28AE78840016E8EF /* WatingChatCell.swift */,
			);
			path = DataView;
			sourceTree = "<group>";
		};
		3B74778E28AF81960016E8EF /* Network */ = {
			isa = PBXGroup;
			children = (
				3B9FA31F28B3AA1B00AC9927 /* NetworkDataFetch.swift */,
				3B9FA32028B3AA1B00AC9927 /* NetworkRequest.swift */,
				3B74779028AF81B80016E8EF /* LaunchAPI.swift */,
			);
			path = Network;
			sourceTree = "<group>";
		};
/* End PBXGroup section */

/* Begin PBXNativeTarget section */
		3B53D16528A3B12F00210ADE /* testSpaceXApp */ = {
			isa = PBXNativeTarget;
			buildConfigurationList = 3B53D17A28A3B13200210ADE /* Build configuration list for PBXNativeTarget "testSpaceXApp" */;
			buildPhases = (
				3B53D16228A3B12F00210ADE /* Sources */,
				3B53D16328A3B12F00210ADE /* Frameworks */,
				3B53D16428A3B12F00210ADE /* Resources */,
			);
			buildRules = (
			);
			dependencies = (
			);
			name = testSpaceXApp;
			productName = testSpaceXApp;
			productReference = 3B53D16628A3B12F00210ADE /* testSpaceXApp.app */;
			productType = "com.apple.product-type.application";
		};
/* End PBXNativeTarget section */

/* Begin PBXProject section */
		3B53D15E28A3B12F00210ADE /* Project object */ = {
			isa = PBXProject;
			attributes = {
				BuildIndependentTargetsInParallel = 1;
				LastSwiftUpdateCheck = 1400;
				LastUpgradeCheck = 1400;
				TargetAttributes = {
					3B53D16528A3B12F00210ADE = {
						CreatedOnToolsVersion = 14.0;
					};
				};
			};
			buildConfigurationList = 3B53D16128A3B12F00210ADE /* Build configuration list for PBXProject "testSpaceXApp" */;
			compatibilityVersion = "Xcode 14.0";
			developmentRegion = en;
			hasScannedForEncodings = 0;
			knownRegions = (
				en,
				Base,
			);
			mainGroup = 3B53D15D28A3B12F00210ADE;
			productRefGroup = 3B53D16728A3B12F00210ADE /* Products */;
			projectDirPath = "";
			projectRoot = "";
			targets = (
				3B53D16528A3B12F00210ADE /* testSpaceXApp */,
			);
		};
/* End PBXProject section */

/* Begin PBXResourcesBuildPhase section */
		3B53D16428A3B12F00210ADE /* Resources */ = {
			isa = PBXResourcesBuildPhase;
			buildActionMask = 2147483647;
			files = (
				3B53D17328A3B13200210ADE /* Assets.xcassets in Resources */,
				3B74777C28AD30560016E8EF /* model.json in Resources */,
			);
			runOnlyForDeploymentPostprocessing = 0;
		};
/* End PBXResourcesBuildPhase section */

/* Begin PBXSourcesBuildPhase section */
		3B53D16228A3B12F00210ADE /* Sources */ = {
			isa = PBXSourcesBuildPhase;
			buildActionMask = 2147483647;
			files = (
				3B0FF8DF28A668E600B45ED2 /* UILabel + Extensions.swift in Sources */,
				3B74778528AE4BE30016E8EF /* MainViewController.swift in Sources */,
				3B0FF8E228A66C0F00B45ED2 /* SettingsTableViewCell.swift in Sources */,
				3B53D18A28A3DD4A00210ADE /* LaunchViewController.swift in Sources */,
				3B53D16A28A3B12F00210ADE /* AppDelegate.swift in Sources */,
				3B9FA31E28B3A24100AC9927 /* LaunchNetwork.swift in Sources */,
				3B74778228AD318C0016E8EF /* MChat.swift in Sources */,
				3B0FF8DD28A6680000B45ED2 /* SettingsViewController.swift in Sources */,
				3B9FA32228B3AA1B00AC9927 /* NetworkRequest.swift in Sources */,
				3B53D18428A3C5DE00210ADE /* DataView.swift in Sources */,
				3B53D18828A3CA9000210ADE /* UIStackView + Extensions.swift in Sources */,
				3B0FF8D928A6468700B45ED2 /* UIColor + Extensions.swift in Sources */,
				3B74778328AD318C0016E8EF /* MSection.swift in Sources */,
				3B74778728AE56070016E8EF /* MainCollectionViewCell.swift in Sources */,
				3B0FF8DB28A646E100B45ED2 /* Resources.swift in Sources */,
				3B74779228AF81B80016E8EF /* LaunchAPI.swift in Sources */,
				3B74778D28AE78840016E8EF /* WatingChatCell.swift in Sources */,
				3B9FA32128B3AA1B00AC9927 /* NetworkDataFetch.swift in Sources */,
				3B0FF8D728A641C300B45ED2 /* LaunchTableViewCell.swift in Sources */,
				3B53D16C28A3B12F00210ADE /* SceneDelegate.swift in Sources */,
				3B74778B28AE78710016E8EF /* ActiveChatCell.swift in Sources */,
				3B74777E28AD30A00016E8EF /* Bundle + Extension.swift in Sources */,
			);
			runOnlyForDeploymentPostprocessing = 0;
		};
/* End PBXSourcesBuildPhase section */

/* Begin XCBuildConfiguration section */
		3B53D17828A3B13200210ADE /* Debug */ = {
			isa = XCBuildConfiguration;
			buildSettings = {
				ALWAYS_SEARCH_USER_PATHS = NO;
				CLANG_ANALYZER_NONNULL = YES;
				CLANG_ANALYZER_NUMBER_OBJECT_CONVERSION = YES_AGGRESSIVE;
				CLANG_CXX_LANGUAGE_STANDARD = "gnu++20";
				CLANG_ENABLE_MODULES = YES;
				CLANG_ENABLE_OBJC_ARC = YES;
				CLANG_ENABLE_OBJC_WEAK = YES;
				CLANG_WARN_BLOCK_CAPTURE_AUTORELEASING = YES;
				CLANG_WARN_BOOL_CONVERSION = YES;
				CLANG_WARN_COMMA = YES;
				CLANG_WARN_CONSTANT_CONVERSION = YES;
				CLANG_WARN_DEPRECATED_OBJC_IMPLEMENTATIONS = YES;
				CLANG_WARN_DIRECT_OBJC_ISA_USAGE = YES_ERROR;
				CLANG_WARN_DOCUMENTATION_COMMENTS = YES;
				CLANG_WARN_EMPTY_BODY = YES;
				CLANG_WARN_ENUM_CONVERSION = YES;
				CLANG_WARN_INFINITE_RECURSION = YES;
				CLANG_WARN_INT_CONVERSION = YES;
				CLANG_WARN_NON_LITERAL_NULL_CONVERSION = YES;
				CLANG_WARN_OBJC_IMPLICIT_RETAIN_SELF = YES;
				CLANG_WARN_OBJC_LITERAL_CONVERSION = YES;
				CLANG_WARN_OBJC_ROOT_CLASS = YES_ERROR;
				CLANG_WARN_QUOTED_INCLUDE_IN_FRAMEWORK_HEADER = YES;
				CLANG_WARN_RANGE_LOOP_ANALYSIS = YES;
				CLANG_WARN_STRICT_PROTOTYPES = YES;
				CLANG_WARN_SUSPICIOUS_MOVE = YES;
				CLANG_WARN_UNGUARDED_AVAILABILITY = YES_AGGRESSIVE;
				CLANG_WARN_UNREACHABLE_CODE = YES;
				CLANG_WARN__DUPLICATE_METHOD_MATCH = YES;
				COPY_PHASE_STRIP = NO;
				DEBUG_INFORMATION_FORMAT = dwarf;
				ENABLE_STRICT_OBJC_MSGSEND = YES;
				ENABLE_TESTABILITY = YES;
				GCC_C_LANGUAGE_STANDARD = gnu11;
				GCC_DYNAMIC_NO_PIC = NO;
				GCC_NO_COMMON_BLOCKS = YES;
				GCC_OPTIMIZATION_LEVEL = 0;
				GCC_PREPROCESSOR_DEFINITIONS = (
					"DEBUG=1",
					"$(inherited)",
				);
				GCC_WARN_64_TO_32_BIT_CONVERSION = YES;
				GCC_WARN_ABOUT_RETURN_TYPE = YES_ERROR;
				GCC_WARN_UNDECLARED_SELECTOR = YES;
				GCC_WARN_UNINITIALIZED_AUTOS = YES_AGGRESSIVE;
				GCC_WARN_UNUSED_FUNCTION = YES;
				GCC_WARN_UNUSED_VARIABLE = YES;
				IPHONEOS_DEPLOYMENT_TARGET = 16.0;
				MTL_ENABLE_DEBUG_INFO = INCLUDE_SOURCE;
				MTL_FAST_MATH = YES;
				ONLY_ACTIVE_ARCH = YES;
				SDKROOT = iphoneos;
				SWIFT_ACTIVE_COMPILATION_CONDITIONS = DEBUG;
				SWIFT_OPTIMIZATION_LEVEL = "-Onone";
			};
			name = Debug;
		};
		3B53D17928A3B13200210ADE /* Release */ = {
			isa = XCBuildConfiguration;
			buildSettings = {
				ALWAYS_SEARCH_USER_PATHS = NO;
				CLANG_ANALYZER_NONNULL = YES;
				CLANG_ANALYZER_NUMBER_OBJECT_CONVERSION = YES_AGGRESSIVE;
				CLANG_CXX_LANGUAGE_STANDARD = "gnu++20";
				CLANG_ENABLE_MODULES = YES;
				CLANG_ENABLE_OBJC_ARC = YES;
				CLANG_ENABLE_OBJC_WEAK = YES;
				CLANG_WARN_BLOCK_CAPTURE_AUTORELEASING = YES;
				CLANG_WARN_BOOL_CONVERSION = YES;
				CLANG_WARN_COMMA = YES;
				CLANG_WARN_CONSTANT_CONVERSION = YES;
				CLANG_WARN_DEPRECATED_OBJC_IMPLEMENTATIONS = YES;
				CLANG_WARN_DIRECT_OBJC_ISA_USAGE = YES_ERROR;
				CLANG_WARN_DOCUMENTATION_COMMENTS = YES;
				CLANG_WARN_EMPTY_BODY = YES;
				CLANG_WARN_ENUM_CONVERSION = YES;
				CLANG_WARN_INFINITE_RECURSION = YES;
				CLANG_WARN_INT_CONVERSION = YES;
				CLANG_WARN_NON_LITERAL_NULL_CONVERSION = YES;
				CLANG_WARN_OBJC_IMPLICIT_RETAIN_SELF = YES;
				CLANG_WARN_OBJC_LITERAL_CONVERSION = YES;
				CLANG_WARN_OBJC_ROOT_CLASS = YES_ERROR;
				CLANG_WARN_QUOTED_INCLUDE_IN_FRAMEWORK_HEADER = YES;
				CLANG_WARN_RANGE_LOOP_ANALYSIS = YES;
				CLANG_WARN_STRICT_PROTOTYPES = YES;
				CLANG_WARN_SUSPICIOUS_MOVE = YES;
				CLANG_WARN_UNGUARDED_AVAILABILITY = YES_AGGRESSIVE;
				CLANG_WARN_UNREACHABLE_CODE = YES;
				CLANG_WARN__DUPLICATE_METHOD_MATCH = YES;
				COPY_PHASE_STRIP = NO;
				DEBUG_INFORMATION_FORMAT = "dwarf-with-dsym";
				ENABLE_NS_ASSERTIONS = NO;
				ENABLE_STRICT_OBJC_MSGSEND = YES;
				GCC_C_LANGUAGE_STANDARD = gnu11;
				GCC_NO_COMMON_BLOCKS = YES;
				GCC_WARN_64_TO_32_BIT_CONVERSION = YES;
				GCC_WARN_ABOUT_RETURN_TYPE = YES_ERROR;
				GCC_WARN_UNDECLARED_SELECTOR = YES;
				GCC_WARN_UNINITIALIZED_AUTOS = YES_AGGRESSIVE;
				GCC_WARN_UNUSED_FUNCTION = YES;
				GCC_WARN_UNUSED_VARIABLE = YES;
				IPHONEOS_DEPLOYMENT_TARGET = 16.0;
				MTL_ENABLE_DEBUG_INFO = NO;
				MTL_FAST_MATH = YES;
				SDKROOT = iphoneos;
				SWIFT_COMPILATION_MODE = wholemodule;
				SWIFT_OPTIMIZATION_LEVEL = "-O";
				VALIDATE_PRODUCT = YES;
			};
			name = Release;
		};
		3B53D17B28A3B13200210ADE /* Debug */ = {
			isa = XCBuildConfiguration;
			buildSettings = {
				ASSETCATALOG_COMPILER_APPICON_NAME = AppIcon;
				ASSETCATALOG_COMPILER_GLOBAL_ACCENT_COLOR_NAME = AccentColor;
				CODE_SIGN_STYLE = Automatic;
				CURRENT_PROJECT_VERSION = 1;
				DEVELOPMENT_TEAM = BHK675K292;
				GENERATE_INFOPLIST_FILE = YES;
				INFOPLIST_FILE = testSpaceXApp/Resources/Info.plist;
				INFOPLIST_KEY_UIApplicationSupportsIndirectInputEvents = YES;
				INFOPLIST_KEY_UILaunchStoryboardName = LaunchScreen;
				INFOPLIST_KEY_UISupportedInterfaceOrientations = UIInterfaceOrientationPortrait;
				INFOPLIST_KEY_UISupportedInterfaceOrientations_iPad = "UIInterfaceOrientationLandscapeLeft UIInterfaceOrientationLandscapeRight UIInterfaceOrientationPortrait UIInterfaceOrientationPortraitUpsideDown";
				IPHONEOS_DEPLOYMENT_TARGET = 13.0;
				LD_RUNPATH_SEARCH_PATHS = (
					"$(inherited)",
					"@executable_path/Frameworks",
				);
				MARKETING_VERSION = 1.0;
				PRODUCT_BUNDLE_IDENTIFIER = com.google.testSpaceXApp;
				PRODUCT_NAME = "$(TARGET_NAME)";
				SWIFT_EMIT_LOC_STRINGS = YES;
				SWIFT_VERSION = 5.0;
				TARGETED_DEVICE_FAMILY = "1,2";
			};
			name = Debug;
		};
		3B53D17C28A3B13200210ADE /* Release */ = {
			isa = XCBuildConfiguration;
			buildSettings = {
				ASSETCATALOG_COMPILER_APPICON_NAME = AppIcon;
				ASSETCATALOG_COMPILER_GLOBAL_ACCENT_COLOR_NAME = AccentColor;
				CODE_SIGN_STYLE = Automatic;
				CURRENT_PROJECT_VERSION = 1;
				DEVELOPMENT_TEAM = BHK675K292;
				GENERATE_INFOPLIST_FILE = YES;
				INFOPLIST_FILE = testSpaceXApp/Resources/Info.plist;
				INFOPLIST_KEY_UIApplicationSupportsIndirectInputEvents = YES;
				INFOPLIST_KEY_UILaunchStoryboardName = LaunchScreen;
				INFOPLIST_KEY_UISupportedInterfaceOrientations = UIInterfaceOrientationPortrait;
				INFOPLIST_KEY_UISupportedInterfaceOrientations_iPad = "UIInterfaceOrientationLandscapeLeft UIInterfaceOrientationLandscapeRight UIInterfaceOrientationPortrait UIInterfaceOrientationPortraitUpsideDown";
				IPHONEOS_DEPLOYMENT_TARGET = 13.0;
				LD_RUNPATH_SEARCH_PATHS = (
					"$(inherited)",
					"@executable_path/Frameworks",
				);
				MARKETING_VERSION = 1.0;
				PRODUCT_BUNDLE_IDENTIFIER = com.google.testSpaceXApp;
				PRODUCT_NAME = "$(TARGET_NAME)";
				SWIFT_EMIT_LOC_STRINGS = YES;
				SWIFT_VERSION = 5.0;
				TARGETED_DEVICE_FAMILY = "1,2";
			};
			name = Release;
		};
/* End XCBuildConfiguration section */

/* Begin XCConfigurationList section */
		3B53D16128A3B12F00210ADE /* Build configuration list for PBXProject "testSpaceXApp" */ = {
			isa = XCConfigurationList;
			buildConfigurations = (
				3B53D17828A3B13200210ADE /* Debug */,
				3B53D17928A3B13200210ADE /* Release */,
			);
			defaultConfigurationIsVisible = 0;
			defaultConfigurationName = Release;
		};
		3B53D17A28A3B13200210ADE /* Build configuration list for PBXNativeTarget "testSpaceXApp" */ = {
			isa = XCConfigurationList;
			buildConfigurations = (
				3B53D17B28A3B13200210ADE /* Debug */,
				3B53D17C28A3B13200210ADE /* Release */,
			);
			defaultConfigurationIsVisible = 0;
			defaultConfigurationName = Release;
		};
/* End XCConfigurationList section */
	};
	rootObject = 3B53D15E28A3B12F00210ADE /* Project object */;
}
